// !$*UTF8*$!
{
	archiveVersion = 1;
	classes = {
	};
	objectVersion = 50;
	objects = {

/* Begin PBXBuildFile section */
		9F0F57EE26CC959700B57285 /* AppDelegate.swift in Sources */ = {isa = PBXBuildFile; fileRef = 9F0F57ED26CC959700B57285 /* AppDelegate.swift */; };
		9F0F57F026CC959700B57285 /* SceneDelegate.swift in Sources */ = {isa = PBXBuildFile; fileRef = 9F0F57EF26CC959700B57285 /* SceneDelegate.swift */; };
		9F0F57F226CC959700B57285 /* ViewController.swift in Sources */ = {isa = PBXBuildFile; fileRef = 9F0F57F126CC959700B57285 /* ViewController.swift */; };
		9F0F57F526CC959700B57285 /* Main.storyboard in Resources */ = {isa = PBXBuildFile; fileRef = 9F0F57F326CC959700B57285 /* Main.storyboard */; };
		9F0F57F726CC959800B57285 /* Assets.xcassets in Resources */ = {isa = PBXBuildFile; fileRef = 9F0F57F626CC959800B57285 /* Assets.xcassets */; };
		9F0F57FA26CC959800B57285 /* LaunchScreen.storyboard in Resources */ = {isa = PBXBuildFile; fileRef = 9F0F57F826CC959800B57285 /* LaunchScreen.storyboard */; };
		9F0F580526CC959800B57285 /* iphoneCalculatorTests.swift in Sources */ = {isa = PBXBuildFile; fileRef = 9F0F580426CC959800B57285 /* iphoneCalculatorTests.swift */; };
		9F0F581026CC959800B57285 /* iphoneCalculatorUITests.swift in Sources */ = {isa = PBXBuildFile; fileRef = 9F0F580F26CC959800B57285 /* iphoneCalculatorUITests.swift */; };
		9FB798A72724032500D6D08F /* Calculator.swift in Sources */ = {isa = PBXBuildFile; fileRef = 9FB798A62724032500D6D08F /* Calculator.swift */; };
		9FC4C016272052CE00E8FE0D /* RoundButton.swift in Sources */ = {isa = PBXBuildFile; fileRef = 9FC4C015272052CE00E8FE0D /* RoundButton.swift */; };
/* End PBXBuildFile section */

/* Begin PBXContainerItemProxy section */
		9F0F580126CC959800B57285 /* PBXContainerItemProxy */ = {
			isa = PBXContainerItemProxy;
			containerPortal = 9F0F57E226CC959600B57285 /* Project object */;
			proxyType = 1;
			remoteGlobalIDString = 9F0F57E926CC959700B57285;
			remoteInfo = iphoneCalculator;
		};
		9F0F580C26CC959800B57285 /* PBXContainerItemProxy */ = {
			isa = PBXContainerItemProxy;
			containerPortal = 9F0F57E226CC959600B57285 /* Project object */;
			proxyType = 1;
			remoteGlobalIDString = 9F0F57E926CC959700B57285;
			remoteInfo = iphoneCalculator;
		};
/* End PBXContainerItemProxy section */

/* Begin PBXFileReference section */
		9F0F57EA26CC959700B57285 /* iphoneCalculator.app */ = {isa = PBXFileReference; explicitFileType = wrapper.application; includeInIndex = 0; path = iphoneCalculator.app; sourceTree = BUILT_PRODUCTS_DIR; };
		9F0F57ED26CC959700B57285 /* AppDelegate.swift */ = {isa = PBXFileReference; lastKnownFileType = sourcecode.swift; path = AppDelegate.swift; sourceTree = "<group>"; };
		9F0F57EF26CC959700B57285 /* SceneDelegate.swift */ = {isa = PBXFileReference; lastKnownFileType = sourcecode.swift; path = SceneDelegate.swift; sourceTree = "<group>"; };
		9F0F57F126CC959700B57285 /* ViewController.swift */ = {isa = PBXFileReference; lastKnownFileType = sourcecode.swift; path = ViewController.swift; sourceTree = "<group>"; };
		9F0F57F426CC959700B57285 /* Base */ = {isa = PBXFileReference; lastKnownFileType = file.storyboard; name = Base; path = Base.lproj/Main.storyboard; sourceTree = "<group>"; };
		9F0F57F626CC959800B57285 /* Assets.xcassets */ = {isa = PBXFileReference; lastKnownFileType = folder.assetcatalog; path = Assets.xcassets; sourceTree = "<group>"; };
		9F0F57F926CC959800B57285 /* Base */ = {isa = PBXFileReference; lastKnownFileType = file.storyboard; name = Base; path = Base.lproj/LaunchScreen.storyboard; sourceTree = "<group>"; };
		9F0F57FB26CC959800B57285 /* Info.plist */ = {isa = PBXFileReference; lastKnownFileType = text.plist.xml; path = Info.plist; sourceTree = "<group>"; };
		9F0F580026CC959800B57285 /* iphoneCalculatorTests.xctest */ = {isa = PBXFileReference; explicitFileType = wrapper.cfbundle; includeInIndex = 0; path = iphoneCalculatorTests.xctest; sourceTree = BUILT_PRODUCTS_DIR; };
		9F0F580426CC959800B57285 /* iphoneCalculatorTests.swift */ = {isa = PBXFileReference; lastKnownFileType = sourcecode.swift; path = iphoneCalculatorTests.swift; sourceTree = "<group>"; };
		9F0F580626CC959800B57285 /* Info.plist */ = {isa = PBXFileReference; lastKnownFileType = text.plist.xml; path = Info.plist; sourceTree = "<group>"; };
		9F0F580B26CC959800B57285 /* iphoneCalculatorUITests.xctest */ = {isa = PBXFileReference; explicitFileType = wrapper.cfbundle; includeInIndex = 0; path = iphoneCalculatorUITests.xctest; sourceTree = BUILT_PRODUCTS_DIR; };
		9F0F580F26CC959800B57285 /* iphoneCalculatorUITests.swift */ = {isa = PBXFileReference; lastKnownFileType = sourcecode.swift; path = iphoneCalculatorUITests.swift; sourceTree = "<group>"; };
		9F0F581126CC959800B57285 /* Info.plist */ = {isa = PBXFileReference; lastKnownFileType = text.plist.xml; path = Info.plist; sourceTree = "<group>"; };
		9FB798A62724032500D6D08F /* Calculator.swift */ = {isa = PBXFileReference; lastKnownFileType = sourcecode.swift; path = Calculator.swift; sourceTree = "<group>"; };
		9FC4C015272052CE00E8FE0D /* RoundButton.swift */ = {isa = PBXFileReference; lastKnownFileType = sourcecode.swift; path = RoundButton.swift; sourceTree = "<group>"; };
/* End PBXFileReference section */

/* Begin PBXFrameworksBuildPhase section */
		9F0F57E726CC959700B57285 /* Frameworks */ = {
			isa = PBXFrameworksBuildPhase;
			buildActionMask = 2147483647;
			files = (
			);
			runOnlyForDeploymentPostprocessing = 0;
		};
		9F0F57FD26CC959800B57285 /* Frameworks */ = {
			isa = PBXFrameworksBuildPhase;
			buildActionMask = 2147483647;
			files = (
			);
			runOnlyForDeploymentPostprocessing = 0;
		};
		9F0F580826CC959800B57285 /* Frameworks */ = {
			isa = PBXFrameworksBuildPhase;
			buildActionMask = 2147483647;
			files = (
			);
			runOnlyForDeploymentPostprocessing = 0;
		};
/* End PBXFrameworksBuildPhase section */

/* Begin PBXGroup section */
		9F0F57E126CC959600B57285 = {
			isa = PBXGroup;
			children = (
				9F0F57EC26CC959700B57285 /* iphoneCalculator */,
				9F0F580326CC959800B57285 /* iphoneCalculatorTests */,
				9F0F580E26CC959800B57285 /* iphoneCalculatorUITests */,
				9F0F57EB26CC959700B57285 /* Products */,
			);
			sourceTree = "<group>";
		};
		9F0F57EB26CC959700B57285 /* Products */ = {
			isa = PBXGroup;
			children = (
				9F0F57EA26CC959700B57285 /* iphoneCalculator.app */,
				9F0F580026CC959800B57285 /* iphoneCalculatorTests.xctest */,
				9F0F580B26CC959800B57285 /* iphoneCalculatorUITests.xctest */,
			);
			name = Products;
			sourceTree = "<group>";
		};
		9F0F57EC26CC959700B57285 /* iphoneCalculator */ = {
			isa = PBXGroup;
			children = (
				9F0F57ED26CC959700B57285 /* AppDelegate.swift */,
				9F0F57EF26CC959700B57285 /* SceneDelegate.swift */,
				9F0F57F126CC959700B57285 /* ViewController.swift */,
				9FB798A62724032500D6D08F /* Calculator.swift */,
				9F0F57F326CC959700B57285 /* Main.storyboard */,
				9F0F57F626CC959800B57285 /* Assets.xcassets */,
				9FC4C015272052CE00E8FE0D /* RoundButton.swift */,
				9F0F57F826CC959800B57285 /* LaunchScreen.storyboard */,
				9F0F57FB26CC959800B57285 /* Info.plist */,
			);
			path = iphoneCalculator;
			sourceTree = "<group>";
		};
		9F0F580326CC959800B57285 /* iphoneCalculatorTests */ = {
			isa = PBXGroup;
			children = (
				9F0F580426CC959800B57285 /* iphoneCalculatorTests.swift */,
				9F0F580626CC959800B57285 /* Info.plist */,
			);
			path = iphoneCalculatorTests;
			sourceTree = "<group>";
		};
		9F0F580E26CC959800B57285 /* iphoneCalculatorUITests */ = {
			isa = PBXGroup;
			children = (
				9F0F580F26CC959800B57285 /* iphoneCalculatorUITests.swift */,
				9F0F581126CC959800B57285 /* Info.plist */,
			);
			path = iphoneCalculatorUITests;
			sourceTree = "<group>";
		};
/* End PBXGroup section */

/* Begin PBXNativeTarget section */
		9F0F57E926CC959700B57285 /* iphoneCalculator */ = {
			isa = PBXNativeTarget;
			buildConfigurationList = 9F0F581426CC959800B57285 /* Build configuration list for PBXNativeTarget "iphoneCalculator" */;
			buildPhases = (
				9F0F57E626CC959700B57285 /* Sources */,
				9F0F57E726CC959700B57285 /* Frameworks */,
				9F0F57E826CC959700B57285 /* Resources */,
			);
			buildRules = (
			);
			dependencies = (
			);
			name = iphoneCalculator;
			productName = iphoneCalculator;
			productReference = 9F0F57EA26CC959700B57285 /* iphoneCalculator.app */;
			productType = "com.apple.product-type.application";
		};
		9F0F57FF26CC959800B57285 /* iphoneCalculatorTests */ = {
			isa = PBXNativeTarget;
			buildConfigurationList = 9F0F581726CC959800B57285 /* Build configuration list for PBXNativeTarget "iphoneCalculatorTests" */;
			buildPhases = (
				9F0F57FC26CC959800B57285 /* Sources */,
				9F0F57FD26CC959800B57285 /* Frameworks */,
				9F0F57FE26CC959800B57285 /* Resources */,
			);
			buildRules = (
			);
			dependencies = (
				9F0F580226CC959800B57285 /* PBXTargetDependency */,
			);
			name = iphoneCalculatorTests;
			productName = iphoneCalculatorTests;
			productReference = 9F0F580026CC959800B57285 /* iphoneCalculatorTests.xctest */;
			productType = "com.apple.product-type.bundle.unit-test";
		};
		9F0F580A26CC959800B57285 /* iphoneCalculatorUITests */ = {
			isa = PBXNativeTarget;
			buildConfigurationList = 9F0F581A26CC959800B57285 /* Build configuration list for PBXNativeTarget "iphoneCalculatorUITests" */;
			buildPhases = (
				9F0F580726CC959800B57285 /* Sources */,
				9F0F580826CC959800B57285 /* Frameworks */,
				9F0F580926CC959800B57285 /* Resources */,
			);
			buildRules = (
			);
			dependencies = (
				9F0F580D26CC959800B57285 /* PBXTargetDependency */,
			);
			name = iphoneCalculatorUITests;
			productName = iphoneCalculatorUITests;
			productReference = 9F0F580B26CC959800B57285 /* iphoneCalculatorUITests.xctest */;
			productType = "com.apple.product-type.bundle.ui-testing";
		};
/* End PBXNativeTarget section */

/* Begin PBXProject section */
		9F0F57E226CC959600B57285 /* Project object */ = {
			isa = PBXProject;
			attributes = {
				LastSwiftUpdateCheck = 1250;
				LastUpgradeCheck = 1250;
				TargetAttributes = {
					9F0F57E926CC959700B57285 = {
						CreatedOnToolsVersion = 12.5.1;
					};
					9F0F57FF26CC959800B57285 = {
						CreatedOnToolsVersion = 12.5.1;
						TestTargetID = 9F0F57E926CC959700B57285;
					};
					9F0F580A26CC959800B57285 = {
						CreatedOnToolsVersion = 12.5.1;
						TestTargetID = 9F0F57E926CC959700B57285;
					};
				};
			};
			buildConfigurationList = 9F0F57E526CC959600B57285 /* Build configuration list for PBXProject "iphoneCalculator" */;
			compatibilityVersion = "Xcode 9.3";
			developmentRegion = en;
			hasScannedForEncodings = 0;
			knownRegions = (
				en,
				Base,
			);
			mainGroup = 9F0F57E126CC959600B57285;
			productRefGroup = 9F0F57EB26CC959700B57285 /* Products */;
			projectDirPath = "";
			projectRoot = "";
			targets = (
				9F0F57E926CC959700B57285 /* iphoneCalculator */,
				9F0F57FF26CC959800B57285 /* iphoneCalculatorTests */,
				9F0F580A26CC959800B57285 /* iphoneCalculatorUITests */,
			);
		};
/* End PBXProject section */

/* Begin PBXResourcesBuildPhase section */
		9F0F57E826CC959700B57285 /* Resources */ = {
			isa = PBXResourcesBuildPhase;
			buildActionMask = 2147483647;
			files = (
				9F0F57FA26CC959800B57285 /* LaunchScreen.storyboard in Resources */,
				9F0F57F726CC959800B57285 /* Assets.xcassets in Resources */,
				9F0F57F526CC959700B57285 /* Main.storyboard in Resources */,
			);
			runOnlyForDeploymentPostprocessing = 0;
		};
		9F0F57FE26CC959800B57285 /* Resources */ = {
			isa = PBXResourcesBuildPhase;
			buildActionMask = 2147483647;
			files = (
			);
			runOnlyForDeploymentPostprocessing = 0;
		};
		9F0F580926CC959800B57285 /* Resources */ = {
			isa = PBXResourcesBuildPhase;
			buildActionMask = 2147483647;
			files = (
			);
			runOnlyForDeploymentPostprocessing = 0;
		};
/* End PBXResourcesBuildPhase section */

/* Begin PBXSourcesBuildPhase section */
		9F0F57E626CC959700B57285 /* Sources */ = {
			isa = PBXSourcesBuildPhase;
			buildActionMask = 2147483647;
			files = (
				9FC4C016272052CE00E8FE0D /* RoundButton.swift in Sources */,
				9F0F57F226CC959700B57285 /* ViewController.swift in Sources */,
				9F0F57EE26CC959700B57285 /* AppDelegate.swift in Sources */,
				9FB798A72724032500D6D08F /* Calculator.swift in Sources */,
				9F0F57F026CC959700B57285 /* SceneDelegate.swift in Sources */,
			);
			runOnlyForDeploymentPostprocessing = 0;
		};
		9F0F57FC26CC959800B57285 /* Sources */ = {
			isa = PBXSourcesBuildPhase;
			buildActionMask = 2147483647;
			files = (
				9F0F580526CC959800B57285 /* iphoneCalculatorTests.swift in Sources */,
			);
			runOnlyForDeploymentPostprocessing = 0;
		};
		9F0F580726CC959800B57285 /* Sources */ = {
			isa = PBXSourcesBuildPhase;
			buildActionMask = 2147483647;
			files = (
				9F0F581026CC959800B57285 /* iphoneCalculatorUITests.swift in Sources */,
			);
			runOnlyForDeploymentPostprocessing = 0;
		};
/* End PBXSourcesBuildPhase section */

/* Begin PBXTargetDependency section */
		9F0F580226CC959800B57285 /* PBXTargetDependency */ = {
			isa = PBXTargetDependency;
			target = 9F0F57E926CC959700B57285 /* iphoneCalculator */;
			targetProxy = 9F0F580126CC959800B57285 /* PBXContainerItemProxy */;
		};
		9F0F580D26CC959800B57285 /* PBXTargetDependency */ = {
			isa = PBXTargetDependency;
			target = 9F0F57E926CC959700B57285 /* iphoneCalculator */;
			targetProxy = 9F0F580C26CC959800B57285 /* PBXContainerItemProxy */;
		};
/* End PBXTargetDependency section */

/* Begin PBXVariantGroup section */
		9F0F57F326CC959700B57285 /* Main.storyboard */ = {
			isa = PBXVariantGroup;
			children = (
				9F0F57F426CC959700B57285 /* Base */,
			);
			name = Main.storyboard;
			sourceTree = "<group>";
		};
		9F0F57F826CC959800B57285 /* LaunchScreen.storyboard */ = {
			isa = PBXVariantGroup;
			children = (
				9F0F57F926CC959800B57285 /* Base */,
			);
			name = LaunchScreen.storyboard;
			sourceTree = "<group>";
		};
/* End PBXVariantGroup section */

/* Begin XCBuildConfiguration section */
		9F0F581226CC959800B57285 /* Debug */ = {
			isa = XCBuildConfiguration;
			buildSettings = {
				ALWAYS_SEARCH_USER_PATHS = NO;
				CLANG_ANALYZER_NONNULL = YES;
				CLANG_ANALYZER_NUMBER_OBJECT_CONVERSION = YES_AGGRESSIVE;
				CLANG_CXX_LANGUAGE_STANDARD = "gnu++14";
				CLANG_CXX_LIBRARY = "libc++";
				CLANG_ENABLE_MODULES = YES;
				CLANG_ENABLE_OBJC_ARC = YES;
				CLANG_ENABLE_OBJC_WEAK = YES;
				CLANG_WARN_BLOCK_CAPTURE_AUTORELEASING = YES;
				CLANG_WARN_BOOL_CONVERSION = YES;
				CLANG_WARN_COMMA = YES;
				CLANG_WARN_CONSTANT_CONVERSION = YES;
				CLANG_WARN_DEPRECATED_OBJC_IMPLEMENTATIONS = YES;
				CLANG_WARN_DIRECT_OBJC_ISA_USAGE = YES_ERROR;
				CLANG_WARN_DOCUMENTATION_COMMENTS = YES;
				CLANG_WARN_EMPTY_BODY = YES;
				CLANG_WARN_ENUM_CONVERSION = YES;
				CLANG_WARN_INFINITE_RECURSION = YES;
				CLANG_WARN_INT_CONVERSION = YES;
				CLANG_WARN_NON_LITERAL_NULL_CONVERSION = YES;
				CLANG_WARN_OBJC_IMPLICIT_RETAIN_SELF = YES;
				CLANG_WARN_OBJC_LITERAL_CONVERSION = YES;
				CLANG_WARN_OBJC_ROOT_CLASS = YES_ERROR;
				CLANG_WARN_QUOTED_INCLUDE_IN_FRAMEWORK_HEADER = YES;
				CLANG_WARN_RANGE_LOOP_ANALYSIS = YES;
				CLANG_WARN_STRICT_PROTOTYPES = YES;
				CLANG_WARN_SUSPICIOUS_MOVE = YES;
				CLANG_WARN_UNGUARDED_AVAILABILITY = YES_AGGRESSIVE;
				CLANG_WARN_UNREACHABLE_CODE = YES;
				CLANG_WARN__DUPLICATE_METHOD_MATCH = YES;
				COPY_PHASE_STRIP = NO;
				DEBUG_INFORMATION_FORMAT = dwarf;
				ENABLE_STRICT_OBJC_MSGSEND = YES;
				ENABLE_TESTABILITY = YES;
				GCC_C_LANGUAGE_STANDARD = gnu11;
				GCC_DYNAMIC_NO_PIC = NO;
				GCC_NO_COMMON_BLOCKS = YES;
				GCC_OPTIMIZATION_LEVEL = 0;
				GCC_PREPROCESSOR_DEFINITIONS = (
					"DEBUG=1",
					"$(inherited)",
				);
				GCC_WARN_64_TO_32_BIT_CONVERSION = YES;
				GCC_WARN_ABOUT_RETURN_TYPE = YES_ERROR;
				GCC_WARN_UNDECLARED_SELECTOR = YES;
				GCC_WARN_UNINITIALIZED_AUTOS = YES_AGGRESSIVE;
				GCC_WARN_UNUSED_FUNCTION = YES;
				GCC_WARN_UNUSED_VARIABLE = YES;
				IPHONEOS_DEPLOYMENT_TARGET = 14.5;
				MTL_ENABLE_DEBUG_INFO = INCLUDE_SOURCE;
				MTL_FAST_MATH = YES;
				ONLY_ACTIVE_ARCH = YES;
				SDKROOT = iphoneos;
				SWIFT_ACTIVE_COMPILATION_CONDITIONS = DEBUG;
				SWIFT_OPTIMIZATION_LEVEL = "-Onone";
			};
			name = Debug;
		};
		9F0F581326CC959800B57285 /* Release */ = {
			isa = XCBuildConfiguration;
			buildSettings = {
				ALWAYS_SEARCH_USER_PATHS = NO;
				CLANG_ANALYZER_NONNULL = YES;
				CLANG_ANALYZER_NUMBER_OBJECT_CONVERSION = YES_AGGRESSIVE;
				CLANG_CXX_LANGUAGE_STANDARD = "gnu++14";
				CLANG_CXX_LIBRARY = "libc++";
				CLANG_ENABLE_MODULES = YES;
				CLANG_ENABLE_OBJC_ARC = YES;
				CLANG_ENABLE_OBJC_WEAK = YES;
				CLANG_WARN_BLOCK_CAPTURE_AUTORELEASING = YES;
				CLANG_WARN_BOOL_CONVERSION = YES;
				CLANG_WARN_COMMA = YES;
				CLANG_WARN_CONSTANT_CONVERSION = YES;
				CLANG_WARN_DEPRECATED_OBJC_IMPLEMENTATIONS = YES;
				CLANG_WARN_DIRECT_OBJC_ISA_USAGE = YES_ERROR;
				CLANG_WARN_DOCUMENTATION_COMMENTS = YES;
				CLANG_WARN_EMPTY_BODY = YES;
				CLANG_WARN_ENUM_CONVERSION = YES;
				CLANG_WARN_INFINITE_RECURSION = YES;
				CLANG_WARN_INT_CONVERSION = YES;
				CLANG_WARN_NON_LITERAL_NULL_CONVERSION = YES;
				CLANG_WARN_OBJC_IMPLICIT_RETAIN_SELF = YES;
				CLANG_WARN_OBJC_LITERAL_CONVERSION = YES;
				CLANG_WARN_OBJC_ROOT_CLASS = YES_ERROR;
				CLANG_WARN_QUOTED_INCLUDE_IN_FRAMEWORK_HEADER = YES;
				CLANG_WARN_RANGE_LOOP_ANALYSIS = YES;
				CLANG_WARN_STRICT_PROTOTYPES = YES;
				CLANG_WARN_SUSPICIOUS_MOVE = YES;
				CLANG_WARN_UNGUARDED_AVAILABILITY = YES_AGGRESSIVE;
				CLANG_WARN_UNREACHABLE_CODE = YES;
				CLANG_WARN__DUPLICATE_METHOD_MATCH = YES;
				COPY_PHASE_STRIP = NO;
				DEBUG_INFORMATION_FORMAT = "dwarf-with-dsym";
				ENABLE_NS_ASSERTIONS = NO;
				ENABLE_STRICT_OBJC_MSGSEND = YES;
				GCC_C_LANGUAGE_STANDARD = gnu11;
				GCC_NO_COMMON_BLOCKS = YES;
				GCC_WARN_64_TO_32_BIT_CONVERSION = YES;
				GCC_WARN_ABOUT_RETURN_TYPE = YES_ERROR;
				GCC_WARN_UNDECLARED_SELECTOR = YES;
				GCC_WARN_UNINITIALIZED_AUTOS = YES_AGGRESSIVE;
				GCC_WARN_UNUSED_FUNCTION = YES;
				GCC_WARN_UNUSED_VARIABLE = YES;
				IPHONEOS_DEPLOYMENT_TARGET = 14.5;
				MTL_ENABLE_DEBUG_INFO = NO;
				MTL_FAST_MATH = YES;
				SDKROOT = iphoneos;
				SWIFT_COMPILATION_MODE = wholemodule;
				SWIFT_OPTIMIZATION_LEVEL = "-O";
				VALIDATE_PRODUCT = YES;
			};
			name = Release;
		};
		9F0F581526CC959800B57285 /* Debug */ = {
			isa = XCBuildConfiguration;
			buildSettings = {
				ASSETCATALOG_COMPILER_APPICON_NAME = AppIcon;
				ASSETCATALOG_COMPILER_GLOBAL_ACCENT_COLOR_NAME = AccentColor;
				CODE_SIGN_STYLE = Automatic;
				DEVELOPMENT_TEAM = 932AKUPJM7;
				INFOPLIST_FILE = iphoneCalculator/Info.plist;
				IPHONEOS_DEPLOYMENT_TARGET = 15.0;
				LD_RUNPATH_SEARCH_PATHS = (
					"$(inherited)",
					"@executable_path/Frameworks",
				);
				PRODUCT_BUNDLE_IDENTIFIER = ryuhyeonjin.iphoneCalculator;
				PRODUCT_NAME = "$(TARGET_NAME)";
				SWIFT_VERSION = 5.0;
				TARGETED_DEVICE_FAMILY = "1,2";
			};
			name = Debug;
		};
		9F0F581626CC959800B57285 /* Release */ = {
			isa = XCBuildConfiguration;
			buildSettings = {
				ASSETCATALOG_COMPILER_APPICON_NAME = AppIcon;
				ASSETCATALOG_COMPILER_GLOBAL_ACCENT_COLOR_NAME = AccentColor;
				CODE_SIGN_STYLE = Automatic;
				DEVELOPMENT_TEAM = 932AKUPJM7;
				INFOPLIST_FILE = iphoneCalculator/Info.plist;
				IPHONEOS_DEPLOYMENT_TARGET = 15.0;
				LD_RUNPATH_SEARCH_PATHS = (
					"$(inherited)",
					"@executable_path/Frameworks",
				);
				PRODUCT_BUNDLE_IDENTIFIER = ryuhyeonjin.iphoneCalculator;
				PRODUCT_NAME = "$(TARGET_NAME)";
				SWIFT_VERSION = 5.0;
				TARGETED_DEVICE_FAMILY = "1,2";
			};
			name = Release;
		};
		9F0F581826CC959800B57285 /* Debug */ = {
			isa = XCBuildConfiguration;
			buildSettings = {
				ALWAYS_EMBED_SWIFT_STANDARD_LIBRARIES = YES;
				BUNDLE_LOADER = "$(TEST_HOST)";
				CODE_SIGN_STYLE = Automatic;
				DEVELOPMENT_TEAM = 932AKUPJM7;
				INFOPLIST_FILE = iphoneCalculatorTests/Info.plist;
				IPHONEOS_DEPLOYMENT_TARGET = 14.5;
				LD_RUNPATH_SEARCH_PATHS = (
					"$(inherited)",
					"@executable_path/Frameworks",
					"@loader_path/Frameworks",
				);
				PRODUCT_BUNDLE_IDENTIFIER = ryuhyeonjin.iphoneCalculatorTests;
				PRODUCT_NAME = "$(TARGET_NAME)";
				SWIFT_VERSION = 5.0;
				TARGETED_DEVICE_FAMILY = "1,2";
				TEST_HOST = "$(BUILT_PRODUCTS_DIR)/iphoneCalculator.app/iphoneCalculator";
			};
			name = Debug;
		};
		9F0F581926CC959800B57285 /* Release */ = {
			isa = XCBuildConfiguration;
			buildSettings = {
				ALWAYS_EMBED_SWIFT_STANDARD_LIBRARIES = YES;
				BUNDLE_LOADER = "$(TEST_HOST)";
				CODE_SIGN_STYLE = Automatic;
				DEVELOPMENT_TEAM = 932AKUPJM7;
				INFOPLIST_FILE = iphoneCalculatorTests/Info.plist;
				IPHONEOS_DEPLOYMENT_TARGET = 14.5;
				LD_RUNPATH_SEARCH_PATHS = (
					"$(inherited)",
					"@executable_path/Frameworks",
					"@loader_path/Frameworks",
				);
				PRODUCT_BUNDLE_IDENTIFIER = ryuhyeonjin.iphoneCalculatorTests;
				PRODUCT_NAME = "$(TARGET_NAME)";
				SWIFT_VERSION = 5.0;
				TARGETED_DEVICE_FAMILY = "1,2";
				TEST_HOST = "$(BUILT_PRODUCTS_DIR)/iphoneCalculator.app/iphoneCalculator";
			};
			name = Release;
		};
		9F0F581B26CC959800B57285 /* Debug */ = {
			isa = XCBuildConfiguration;
			buildSettings = {
				ALWAYS_EMBED_SWIFT_STANDARD_LIBRARIES = YES;
				CODE_SIGN_STYLE = Automatic;
				DEVELOPMENT_TEAM = 932AKUPJM7;
				INFOPLIST_FILE = iphoneCalculatorUITests/Info.plist;
				LD_RUNPATH_SEARCH_PATHS = (
					"$(inherited)",
					"@executable_path/Frameworks",
					"@loader_path/Frameworks",
				);
				PRODUCT_BUNDLE_IDENTIFIER = ryuhyeonjin.iphoneCalculatorUITests;
				PRODUCT_NAME = "$(TARGET_NAME)";
				SWIFT_VERSION = 5.0;
				TARGETED_DEVICE_FAMILY = "1,2";
				TEST_TARGET_NAME = iphoneCalculator;
			};
			name = Debug;
		};
		9F0F581C26CC959800B57285 /* Release */ = {
			isa = XCBuildConfiguration;
			buildSettings = {
				ALWAYS_EMBED_SWIFT_STANDARD_LIBRARIES = YES;
				CODE_SIGN_STYLE = Automatic;
				DEVELOPMENT_TEAM = 932AKUPJM7;
				INFOPLIST_FILE = iphoneCalculatorUITests/Info.plist;
				LD_RUNPATH_SEARCH_PATHS = (
					"$(inherited)",
					"@executable_path/Frameworks",
					"@loader_path/Frameworks",
				);
				PRODUCT_BUNDLE_IDENTIFIER = ryuhyeonjin.iphoneCalculatorUITests;
				PRODUCT_NAME = "$(TARGET_NAME)";
				SWIFT_VERSION = 5.0;
				TARGETED_DEVICE_FAMILY = "1,2";
				TEST_TARGET_NAME = iphoneCalculator;
			};
			name = Release;
		};
/* End XCBuildConfiguration section */

/* Begin XCConfigurationList section */
		9F0F57E526CC959600B57285 /* Build configuration list for PBXProject "iphoneCalculator" */ = {
			isa = XCConfigurationList;
			buildConfigurations = (
				9F0F581226CC959800B57285 /* Debug */,
				9F0F581326CC959800B57285 /* Release */,
			);
			defaultConfigurationIsVisible = 0;
			defaultConfigurationName = Release;
		};
		9F0F581426CC959800B57285 /* Build configuration list for PBXNativeTarget "iphoneCalculator" */ = {
			isa = XCConfigurationList;
			buildConfigurations = (
				9F0F581526CC959800B57285 /* Debug */,
				9F0F581626CC959800B57285 /* Release */,
			);
			defaultConfigurationIsVisible = 0;
			defaultConfigurationName = Release;
		};
		9F0F581726CC959800B57285 /* Build configuration list for PBXNativeTarget "iphoneCalculatorTests" */ = {
			isa = XCConfigurationList;
			buildConfigurations = (
				9F0F581826CC959800B57285 /* Debug */,
				9F0F581926CC959800B57285 /* Release */,
			);
			defaultConfigurationIsVisible = 0;
			defaultConfigurationName = Release;
		};
		9F0F581A26CC959800B57285 /* Build configuration list for PBXNativeTarget "iphoneCalculatorUITests" */ = {
			isa = XCConfigurationList;
			buildConfigurations = (
				9F0F581B26CC959800B57285 /* Debug */,
				9F0F581C26CC959800B57285 /* Release */,
			);
			defaultConfigurationIsVisible = 0;
			defaultConfigurationName = Release;
		};
/* End XCConfigurationList section */
	};
	rootObject = 9F0F57E226CC959600B57285 /* Project object */;
}
